
Microsoft Visual Studio Solution File, Format Version 12.00
# Visual Studio Version 17
VisualStudioVersion = 17.7.34031.279
MinimumVisualStudioVersion = 10.0.40219.1
Project("{FAE04EC0-301F-11D3-BF4B-00C04F79EFBC}") = "WebApplication12", "WebApplication12\WebApplication12.csproj", "{64CA2FD4-F83D-439C-A376-B64A898FAA6D}"
EndProject
Global
	GlobalSection(SolutionConfigurationPlatforms) = preSolution
		Debug|Any CPU = Debug|Any CPU
		Release|Any CPU = Release|Any CPU
	EndGlobalSection
	GlobalSection(ProjectConfigurationPlatforms) = postSolution
		{64CA2FD4-F83D-439C-A376-B64A898FAA6D}.Debug|Any CPU.ActiveCfg = Debug|Any CPU
		{64CA2FD4-F83D-439C-A376-B64A898FAA6D}.Debug|Any CPU.Build.0 = Debug|Any CPU
		{64CA2FD4-F83D-439C-A376-B64A898FAA6D}.Release|Any CPU.ActiveCfg = Release|Any CPU
		{64CA2FD4-F83D-439C-A376-B64A898FAA6D}.Release|Any CPU.Build.0 = Release|Any CPU
	EndGlobalSection
	GlobalSection(SolutionProperties) = preSolution
		HideSolutionNode = FALSE
	EndGlobalSection
	GlobalSection(ExtensibilityGlobals) = postSolution
		SolutionGuid = {6425E7E0-8416-4D8D-929B-588832828506}
	EndGlobalSection
EndGlobal
